
Microsoft Visual Studio Solution File, Format Version 12.00
# Visual Studio Version 17
VisualStudioVersion = 17.11.35303.130
MinimumVisualStudioVersion = 10.0.40219.1
Project("{2150E333-8FDC-42A3-9474-1A3956D46DE8}") = "FrontEnd", "FrontEnd", "{03ABCDC7-8372-4AC0-B606-394BB222CFAC}"
EndProject
Project("{2150E333-8FDC-42A3-9474-1A3956D46DE8}") = "Gateway", "Gateway", "{5AA5BDBA-37DF-45CE-8D5B-7B9869CABC59}"
EndProject
Project("{2150E333-8FDC-42A3-9474-1A3956D46DE8}") = "Integration", "Integration", "{43EB934C-5146-417E-902C-6C8407039618}"
EndProject
Project("{2150E333-8FDC-42A3-9474-1A3956D46DE8}") = "Services", "Services", "{C40EB4ED-4B63-4ACF-A4D0-E527BC18CBED}"
EndProject
Project("{2150E333-8FDC-42A3-9474-1A3956D46DE8}") = "Coupon", "Coupon", "{8A19AB96-EEC1-4381-B428-74A2B52F3DF2}"
EndProject
Project("{9A19103F-16F7-4668-BE54-9A1E7A4F7556}") = "Api", "Services\Coupon\Api\Api.csproj", "{960130BB-D902-40BE-A2FC-665FCC560621}"
EndProject
Project("{9A19103F-16F7-4668-BE54-9A1E7A4F7556}") = "Domain", "Services\Coupon\Domain\Domain.csproj", "{532F2483-C238-4686-8E71-8695962B8BD9}"
EndProject
Project("{2150E333-8FDC-42A3-9474-1A3956D46DE8}") = "Mango", "Mango", "{97EEDB38-7DB0-400A-829C-331D9A22BD8C}"
EndProject
Project("{2150E333-8FDC-42A3-9474-1A3956D46DE8}") = "framework", "framework", "{B8FBB68A-E51C-4DCD-B6CA-5C881D2D0478}"
EndProject
Project("{FAE04EC0-301F-11D3-BF4B-00C04F79EFBC}") = "Core", "..\framework\Core\Core.csproj", "{B4A8BFD1-48E8-4BD9-8AD9-0160F5492748}"
EndProject
Project("{FAE04EC0-301F-11D3-BF4B-00C04F79EFBC}") = "Application", "Services\Coupon\Application\Application.csproj", "{B42330CB-DDB8-4FE8-B6EB-F708DB6820A7}"
EndProject
Project("{FAE04EC0-301F-11D3-BF4B-00C04F79EFBC}") = "Infrastructure", "Services\Coupon\Infrastructure\Infrastructure.csproj", "{6C71B972-9017-466E-97F6-492C01CD990A}"
EndProject
Global
	GlobalSection(SolutionConfigurationPlatforms) = preSolution
		Debug|Any CPU = Debug|Any CPU
		Release|Any CPU = Release|Any CPU
	EndGlobalSection
	GlobalSection(ProjectConfigurationPlatforms) = postSolution
		{960130BB-D902-40BE-A2FC-665FCC560621}.Debug|Any CPU.ActiveCfg = Debug|Any CPU
		{960130BB-D902-40BE-A2FC-665FCC560621}.Debug|Any CPU.Build.0 = Debug|Any CPU
		{960130BB-D902-40BE-A2FC-665FCC560621}.Release|Any CPU.ActiveCfg = Release|Any CPU
		{960130BB-D902-40BE-A2FC-665FCC560621}.Release|Any CPU.Build.0 = Release|Any CPU
		{532F2483-C238-4686-8E71-8695962B8BD9}.Debug|Any CPU.ActiveCfg = Debug|Any CPU
		{532F2483-C238-4686-8E71-8695962B8BD9}.Debug|Any CPU.Build.0 = Debug|Any CPU
		{532F2483-C238-4686-8E71-8695962B8BD9}.Release|Any CPU.ActiveCfg = Release|Any CPU
		{532F2483-C238-4686-8E71-8695962B8BD9}.Release|Any CPU.Build.0 = Release|Any CPU
		{B4A8BFD1-48E8-4BD9-8AD9-0160F5492748}.Debug|Any CPU.ActiveCfg = Debug|Any CPU
		{B4A8BFD1-48E8-4BD9-8AD9-0160F5492748}.Debug|Any CPU.Build.0 = Debug|Any CPU
		{B4A8BFD1-48E8-4BD9-8AD9-0160F5492748}.Release|Any CPU.ActiveCfg = Release|Any CPU
		{B4A8BFD1-48E8-4BD9-8AD9-0160F5492748}.Release|Any CPU.Build.0 = Release|Any CPU
		{B42330CB-DDB8-4FE8-B6EB-F708DB6820A7}.Debug|Any CPU.ActiveCfg = Debug|Any CPU
		{B42330CB-DDB8-4FE8-B6EB-F708DB6820A7}.Debug|Any CPU.Build.0 = Debug|Any CPU
		{B42330CB-DDB8-4FE8-B6EB-F708DB6820A7}.Release|Any CPU.ActiveCfg = Release|Any CPU
		{B42330CB-DDB8-4FE8-B6EB-F708DB6820A7}.Release|Any CPU.Build.0 = Release|Any CPU
		{6C71B972-9017-466E-97F6-492C01CD990A}.Debug|Any CPU.ActiveCfg = Debug|Any CPU
		{6C71B972-9017-466E-97F6-492C01CD990A}.Debug|Any CPU.Build.0 = Debug|Any CPU
		{6C71B972-9017-466E-97F6-492C01CD990A}.Release|Any CPU.ActiveCfg = Release|Any CPU
		{6C71B972-9017-466E-97F6-492C01CD990A}.Release|Any CPU.Build.0 = Release|Any CPU
	EndGlobalSection
	GlobalSection(SolutionProperties) = preSolution
		HideSolutionNode = FALSE
	EndGlobalSection
	GlobalSection(NestedProjects) = preSolution
		{03ABCDC7-8372-4AC0-B606-394BB222CFAC} = {97EEDB38-7DB0-400A-829C-331D9A22BD8C}
		{5AA5BDBA-37DF-45CE-8D5B-7B9869CABC59} = {97EEDB38-7DB0-400A-829C-331D9A22BD8C}
		{43EB934C-5146-417E-902C-6C8407039618} = {97EEDB38-7DB0-400A-829C-331D9A22BD8C}
		{C40EB4ED-4B63-4ACF-A4D0-E527BC18CBED} = {97EEDB38-7DB0-400A-829C-331D9A22BD8C}
		{8A19AB96-EEC1-4381-B428-74A2B52F3DF2} = {C40EB4ED-4B63-4ACF-A4D0-E527BC18CBED}
		{960130BB-D902-40BE-A2FC-665FCC560621} = {8A19AB96-EEC1-4381-B428-74A2B52F3DF2}
		{532F2483-C238-4686-8E71-8695962B8BD9} = {8A19AB96-EEC1-4381-B428-74A2B52F3DF2}
		{B4A8BFD1-48E8-4BD9-8AD9-0160F5492748} = {B8FBB68A-E51C-4DCD-B6CA-5C881D2D0478}
		{B42330CB-DDB8-4FE8-B6EB-F708DB6820A7} = {8A19AB96-EEC1-4381-B428-74A2B52F3DF2}
		{6C71B972-9017-466E-97F6-492C01CD990A} = {8A19AB96-EEC1-4381-B428-74A2B52F3DF2}
	EndGlobalSection
	GlobalSection(ExtensibilityGlobals) = postSolution
		SolutionGuid = {C78778D6-6C24-4460-97A5-7B52066E8579}
	EndGlobalSection
EndGlobal
